// !$*UTF8*$!
{
	archiveVersion = 1;
	classes = {
	};
	objectVersion = 77;
	objects = {

/* Begin PBXBuildFile section */
		KATA0003KATA0003KATA0003 /* KatafractStyle in Frameworks */ = {isa = PBXBuildFile; productRef = KATA0002KATA0002KATA0002 /* KatafractStyle */; };
		AA000001AA000001AA000001 /* ParkArmorWidgetExtension.appex in Embed Foundation Extensions */ = {isa = PBXBuildFile; fileRef = AA000002AA000002AA000002 /* ParkArmorWidgetExtension.appex */; settings = {ATTRIBUTES = (RemoveHeadersOnCopy, ); }; };
		BCA03C912F74B6D900772D5A /* ParkArmorWatch Watch App.app in Embed Watch Content */ = {isa = PBXBuildFile; fileRef = BCA03C712F74B6D600772D5A /* ParkArmorWatch Watch App.app */; settings = {ATTRIBUTES = (RemoveHeadersOnCopy, ); }; };
		BCA03D962F74BC5F00772D5A /* WidgetKit.framework in Frameworks */ = {isa = PBXBuildFile; fileRef = BCA03D952F74BC5E00772D5A /* WidgetKit.framework */; };
		BCA03D982F74BC5F00772D5A /* SwiftUI.framework in Frameworks */ = {isa = PBXBuildFile; fileRef = BCA03D972F74BC5F00772D5A /* SwiftUI.framework */; };
		BCA03DA52F74BC6400772D5A /* ParkArmorWatchComplicationExtension.appex in Embed Foundation Extensions */ = {isa = PBXBuildFile; fileRef = BCA03D932F74BC5E00772D5A /* ParkArmorWatchComplicationExtension.appex */; settings = {ATTRIBUTES = (RemoveHeadersOnCopy, ); }; };
/* End PBXBuildFile section */

/* Begin PBXContainerItemProxy section */
		AA00000AAA00000AAA00000A /* PBXContainerItemProxy */ = {
			isa = PBXContainerItemProxy;
			containerPortal = 889A105F62CC481E94597C1E /* Project object */;
			proxyType = 1;
			remoteGlobalIDString = AA000009AA000009AA000009;
			remoteInfo = ParkArmorWidgetExtension;
		};
		BCA03C7E2F74B6D900772D5A /* PBXContainerItemProxy */ = {
			isa = PBXContainerItemProxy;
			containerPortal = 889A105F62CC481E94597C1E /* Project object */;
			proxyType = 1;
			remoteGlobalIDString = BCA03C702F74B6D600772D5A;
			remoteInfo = "ParkArmorWatch Watch App";
		};
		BCA03C882F74B6D900772D5A /* PBXContainerItemProxy */ = {
			isa = PBXContainerItemProxy;
			containerPortal = 889A105F62CC481E94597C1E /* Project object */;
			proxyType = 1;
			remoteGlobalIDString = BCA03C702F74B6D600772D5A;
			remoteInfo = "ParkArmorWatch Watch App";
		};
		BCA03C8F2F74B6D900772D5A /* PBXContainerItemProxy */ = {
			isa = PBXContainerItemProxy;
			containerPortal = 889A105F62CC481E94597C1E /* Project object */;
			proxyType = 1;
			remoteGlobalIDString = BCA03C702F74B6D600772D5A;
			remoteInfo = "ParkArmorWatch Watch App";
		};
		BCA03DA32F74BC6400772D5A /* PBXContainerItemProxy */ = {
			isa = PBXContainerItemProxy;
			containerPortal = 889A105F62CC481E94597C1E /* Project object */;
			proxyType = 1;
			remoteGlobalIDString = BCA03D922F74BC5E00772D5A;
			remoteInfo = ParkArmorWatchComplicationExtension;
		};
		F0000007F0000007F0000007 /* PBXContainerItemProxy */ = {
			isa = PBXContainerItemProxy;
			containerPortal = 889A105F62CC481E94597C1E /* Project object */;
			proxyType = 1;
			remoteGlobalIDString = E82BEB1FFB51493EAF25C3E2;
			remoteInfo = ParkArmor;
		};
/* End PBXContainerItemProxy section */

/* Begin PBXCopyFilesBuildPhase section */
		AA000008AA000008AA000008 /* Embed Foundation Extensions */ = {
			isa = PBXCopyFilesBuildPhase;
			buildActionMask = 2147483647;
			dstPath = "";
			dstSubfolderSpec = 13;
			files = (
				AA000001AA000001AA000001 /* ParkArmorWidgetExtension.appex in Embed Foundation Extensions */,
			);
			name = "Embed Foundation Extensions";
			runOnlyForDeploymentPostprocessing = 0;
		};
		BCA03C922F74B6D900772D5A /* Embed Watch Content */ = {
			isa = PBXCopyFilesBuildPhase;
			buildActionMask = 2147483647;
			dstPath = "$(CONTENTS_FOLDER_PATH)/Watch";
			dstSubfolderSpec = 16;
			files = (
				BCA03C912F74B6D900772D5A /* ParkArmorWatch Watch App.app in Embed Watch Content */,
			);
			name = "Embed Watch Content";
			runOnlyForDeploymentPostprocessing = 0;
		};
		BCA03DA62F74BC6400772D5A /* Embed Foundation Extensions */ = {
			isa = PBXCopyFilesBuildPhase;
			buildActionMask = 2147483647;
			dstPath = "";
			dstSubfolderSpec = 13;
			files = (
				BCA03DA52F74BC6400772D5A /* ParkArmorWatchComplicationExtension.appex in Embed Foundation Extensions */,
			);
			name = "Embed Foundation Extensions";
			runOnlyForDeploymentPostprocessing = 0;
		};
/* End PBXCopyFilesBuildPhase section */

/* Begin PBXFileReference section */
		AA000002AA000002AA000002 /* ParkArmorWidgetExtension.appex */ = {isa = PBXFileReference; explicitFileType = "wrapper.app-extension"; includeInIndex = 0; path = ParkArmorWidgetExtension.appex; sourceTree = BUILT_PRODUCTS_DIR; };
		BCA03C712F74B6D600772D5A /* ParkArmorWatch Watch App.app */ = {isa = PBXFileReference; explicitFileType = wrapper.application; includeInIndex = 0; path = "ParkArmorWatch Watch App.app"; sourceTree = BUILT_PRODUCTS_DIR; };
		BCA03C7D2F74B6D900772D5A /* ParkArmorWatch Watch AppTests.xctest */ = {isa = PBXFileReference; explicitFileType = wrapper.cfbundle; includeInIndex = 0; path = "ParkArmorWatch Watch AppTests.xctest"; sourceTree = BUILT_PRODUCTS_DIR; };
		BCA03C872F74B6D900772D5A /* ParkArmorWatch Watch AppUITests.xctest */ = {isa = PBXFileReference; explicitFileType = wrapper.cfbundle; includeInIndex = 0; path = "ParkArmorWatch Watch AppUITests.xctest"; sourceTree = BUILT_PRODUCTS_DIR; };
		BCA03D932F74BC5E00772D5A /* ParkArmorWatchComplicationExtension.appex */ = {isa = PBXFileReference; explicitFileType = "wrapper.app-extension"; includeInIndex = 0; path = ParkArmorWatchComplicationExtension.appex; sourceTree = BUILT_PRODUCTS_DIR; };
		BCA03D952F74BC5E00772D5A /* WidgetKit.framework */ = {isa = PBXFileReference; lastKnownFileType = wrapper.framework; name = WidgetKit.framework; path = System/Library/Frameworks/WidgetKit.framework; sourceTree = SDKROOT; };
		BCA03D972F74BC5F00772D5A /* SwiftUI.framework */ = {isa = PBXFileReference; lastKnownFileType = wrapper.framework; name = SwiftUI.framework; path = System/Library/Frameworks/SwiftUI.framework; sourceTree = SDKROOT; };
		F0000001F0000001F0000001 /* ParkArmorTests.xctest */ = {isa = PBXFileReference; explicitFileType = wrapper.cfbundle; includeInIndex = 0; path = ParkArmorTests.xctest; sourceTree = BUILT_PRODUCTS_DIR; };
		F8AEE13FBE0F46F1BF6BE4E4 /* ParkArmor.app */ = {isa = PBXFileReference; explicitFileType = wrapper.application; includeInIndex = 0; path = ParkArmor.app; sourceTree = BUILT_PRODUCTS_DIR; };
		87A627B6C26DC93925514CB9 /* PrivacyInfo.xcprivacy */ = {isa = PBXFileReference; lastKnownFileType = text.plist.xml; path = ParkArmor/PrivacyInfo.xcprivacy; sourceTree = "<group>"; };
/* End PBXFileReference section */

/* Begin PBXFileSystemSynchronizedBuildFileExceptionSet section */
		BCA03DA92F74BC6400772D5A /* Exceptions for "ParkArmorWatchComplication" folder in "ParkArmorWatchComplicationExtension" target */ = {
			isa = PBXFileSystemSynchronizedBuildFileExceptionSet;
			membershipExceptions = (
				Info.plist,
			);
			target = BCA03D922F74BC5E00772D5A /* ParkArmorWatchComplicationExtension */;
		};
/* End PBXFileSystemSynchronizedBuildFileExceptionSet section */

/* Begin PBXFileSystemSynchronizedRootGroup section */
		60D6A5FEC4EA4D5CB65BD72B /* ParkArmor */ = {
			isa = PBXFileSystemSynchronizedRootGroup;
			path = ParkArmor;
			sourceTree = "<group>";
		};
		6E7F10016E7F10016E7F1001 /* ParkArmor/Extensions */ = {
			isa = PBXFileSystemSynchronizedRootGroup;
			path = ParkArmor/Extensions;
			sourceTree = "<group>";
		};
		6E7F10026E7F10026E7F1002 /* ParkArmor/Models */ = {
			isa = PBXFileSystemSynchronizedRootGroup;
			path = ParkArmor/Models;
			sourceTree = "<group>";
		};
		AA000003AA000003AA000003 /* ParkArmorWidgetExtension */ = {
			isa = PBXFileSystemSynchronizedRootGroup;
			path = ParkArmorWidgetExtension;
			sourceTree = "<group>";
		};
		AA000004AA000004AA000004 /* ParkArmor/ParkArmorShared */ = {
			isa = PBXFileSystemSynchronizedRootGroup;
			path = ParkArmor/ParkArmorShared;
			sourceTree = "<group>";
		};
		BCA03C722F74B6D600772D5A /* ParkArmorWatch Watch App */ = {
			isa = PBXFileSystemSynchronizedRootGroup;
			path = "ParkArmorWatch Watch App";
			sourceTree = "<group>";
		};
		BCA03C802F74B6D900772D5A /* ParkArmorWatch Watch AppTests */ = {
			isa = PBXFileSystemSynchronizedRootGroup;
			path = "ParkArmorWatch Watch AppTests";
			sourceTree = "<group>";
		};
		BCA03C8A2F74B6D900772D5A /* ParkArmorWatch Watch AppUITests */ = {
			isa = PBXFileSystemSynchronizedRootGroup;
			path = "ParkArmorWatch Watch AppUITests";
			sourceTree = "<group>";
		};
		BCA03D992F74BC5F00772D5A /* ParkArmorWatchComplication */ = {
			isa = PBXFileSystemSynchronizedRootGroup;
			exceptions = (
				BCA03DA92F74BC6400772D5A /* Exceptions for "ParkArmorWatchComplication" folder in "ParkArmorWatchComplicationExtension" target */,
			);
			path = ParkArmorWatchComplication;
			sourceTree = "<group>";
		};
		F0000005F0000005F0000005 /* ParkArmorTests */ = {
			isa = PBXFileSystemSynchronizedRootGroup;
			path = ParkArmorTests;
			sourceTree = "<group>";
		};
/* End PBXFileSystemSynchronizedRootGroup section */

/* Begin PBXFrameworksBuildPhase section */
		AA000005AA000005AA000005 /* Frameworks */ = {
			isa = PBXFrameworksBuildPhase;
			buildActionMask = 2147483647;
			files = (
			);
			runOnlyForDeploymentPostprocessing = 0;
		};
		BBA1907E3AE04C8B9CC5C41F /* Frameworks */ = {
			isa = PBXFrameworksBuildPhase;
			buildActionMask = 2147483647;
			files = (
				KATA0003KATA0003KATA0003 /* KatafractStyle in Frameworks */,
			);
			runOnlyForDeploymentPostprocessing = 0;
		};
		BCA03C6E2F74B6D600772D5A /* Frameworks */ = {
			isa = PBXFrameworksBuildPhase;
			buildActionMask = 2147483647;
			files = (
			);
			runOnlyForDeploymentPostprocessing = 0;
		};
		BCA03C7A2F74B6D900772D5A /* Frameworks */ = {
			isa = PBXFrameworksBuildPhase;
			buildActionMask = 2147483647;
			files = (
			);
			runOnlyForDeploymentPostprocessing = 0;
		};
		BCA03C842F74B6D900772D5A /* Frameworks */ = {
			isa = PBXFrameworksBuildPhase;
			buildActionMask = 2147483647;
			files = (
			);
			runOnlyForDeploymentPostprocessing = 0;
		};
		BCA03D902F74BC5E00772D5A /* Frameworks */ = {
			isa = PBXFrameworksBuildPhase;
			buildActionMask = 2147483647;
			files = (
				BCA03D982F74BC5F00772D5A /* SwiftUI.framework in Frameworks */,
				BCA03D962F74BC5F00772D5A /* WidgetKit.framework in Frameworks */,
			);
			runOnlyForDeploymentPostprocessing = 0;
		};
		F0000003F0000003F0000003 /* Frameworks */ = {
			isa = PBXFrameworksBuildPhase;
			buildActionMask = 2147483647;
			files = (
			);
			runOnlyForDeploymentPostprocessing = 0;
		};
/* End PBXFrameworksBuildPhase section */

/* Begin PBXGroup section */
		40B17B783B7240E29058D7D7 /* Products */ = {
			isa = PBXGroup;
			children = (
				F8AEE13FBE0F46F1BF6BE4E4 /* ParkArmor.app */,
				F0000001F0000001F0000001 /* ParkArmorTests.xctest */,
				AA000002AA000002AA000002 /* ParkArmorWidgetExtension.appex */,
				BCA03C712F74B6D600772D5A /* ParkArmorWatch Watch App.app */,
				BCA03C7D2F74B6D900772D5A /* ParkArmorWatch Watch AppTests.xctest */,
				BCA03C872F74B6D900772D5A /* ParkArmorWatch Watch AppUITests.xctest */,
				BCA03D932F74BC5E00772D5A /* ParkArmorWatchComplicationExtension.appex */,
			);
			name = Products;
			sourceTree = "<group>";
		};
		8A5F370D17764FEC93F77EF3 = {
			isa = PBXGroup;
			children = (
				60D6A5FEC4EA4D5CB65BD72B /* ParkArmor */,
				F0000005F0000005F0000005 /* ParkArmorTests */,
				AA000003AA000003AA000003 /* ParkArmorWidgetExtension */,
				BCA03C722F74B6D600772D5A /* ParkArmorWatch Watch App */,
				BCA03C802F74B6D900772D5A /* ParkArmorWatch Watch AppTests */,
				BCA03C8A2F74B6D900772D5A /* ParkArmorWatch Watch AppUITests */,
				BCA03D992F74BC5F00772D5A /* ParkArmorWatchComplication */,
				BCA03D942F74BC5E00772D5A /* Frameworks */,
				40B17B783B7240E29058D7D7 /* Products */,
				BC380CC92F7259AA00CE6623 /* Recovered References */,
			);
			sourceTree = "<group>";
		};
		BC380CC92F7259AA00CE6623 /* Recovered References */ = {
			isa = PBXGroup;
			children = (
				AA000004AA000004AA000004 /* ParkArmor/ParkArmorShared */,
				6E7F10016E7F10016E7F1001 /* ParkArmor/Extensions */,
				6E7F10026E7F10026E7F1002 /* ParkArmor/Models */,
			);
			name = "Recovered References";
			sourceTree = "<group>";
		};
		BCA03D942F74BC5E00772D5A /* Frameworks */ = {
			isa = PBXGroup;
			children = (
				BCA03D952F74BC5E00772D5A /* WidgetKit.framework */,
				BCA03D972F74BC5F00772D5A /* SwiftUI.framework */,
			);
			name = Frameworks;
			sourceTree = "<group>";
		};
/* End PBXGroup section */

/* Begin PBXNativeTarget section */
		AA000009AA000009AA000009 /* ParkArmorWidgetExtension */ = {
			isa = PBXNativeTarget;
			buildConfigurationList = AA00000EAA00000EAA00000E /* Build configuration list for PBXNativeTarget "ParkArmorWidgetExtension" */;
			buildPhases = (
				AA000007AA000007AA000007 /* Sources */,
				AA000005AA000005AA000005 /* Frameworks */,
				AA000006AA000006AA000006 /* Resources */,
			);
			buildRules = (
			);
			dependencies = (
			);
			fileSystemSynchronizedGroups = (
				6E7F10016E7F10016E7F1001 /* ParkArmor/Extensions */,
				6E7F10026E7F10026E7F1002 /* ParkArmor/Models */,
				AA000003AA000003AA000003 /* ParkArmorWidgetExtension */,
				AA000004AA000004AA000004 /* ParkArmor/ParkArmorShared */,
			);
			name = ParkArmorWidgetExtension;
			packageProductDependencies = (
			);
			productName = ParkArmorWidgetExtension;
			productReference = AA000002AA000002AA000002 /* ParkArmorWidgetExtension.appex */;
			productType = "com.apple.product-type.app-extension";
		};
		BCA03C702F74B6D600772D5A /* ParkArmorWatch Watch App */ = {
			isa = PBXNativeTarget;
			buildConfigurationList = BCA03C992F74B6D900772D5A /* Build configuration list for PBXNativeTarget "ParkArmorWatch Watch App" */;
			buildPhases = (
				BCA03C6D2F74B6D600772D5A /* Sources */,
				BCA03C6E2F74B6D600772D5A /* Frameworks */,
				BCA03C6F2F74B6D600772D5A /* Resources */,
				BCA03DA62F74BC6400772D5A /* Embed Foundation Extensions */,
			);
			buildRules = (
			);
			dependencies = (
				BCA03DA42F74BC6400772D5A /* PBXTargetDependency */,
			);
			fileSystemSynchronizedGroups = (
				BCA03C722F74B6D600772D5A /* ParkArmorWatch Watch App */,
			);
			name = "ParkArmorWatch Watch App";
			packageProductDependencies = (
			);
			productName = "ParkArmorWatch Watch App";
			productReference = BCA03C712F74B6D600772D5A /* ParkArmorWatch Watch App.app */;
			productType = "com.apple.product-type.application";
		};
		BCA03C7C2F74B6D900772D5A /* ParkArmorWatch Watch AppTests */ = {
			isa = PBXNativeTarget;
			buildConfigurationList = BCA03C9A2F74B6D900772D5A /* Build configuration list for PBXNativeTarget "ParkArmorWatch Watch AppTests" */;
			buildPhases = (
				BCA03C792F74B6D900772D5A /* Sources */,
				BCA03C7A2F74B6D900772D5A /* Frameworks */,
				BCA03C7B2F74B6D900772D5A /* Resources */,
			);
			buildRules = (
			);
			dependencies = (
				BCA03C7F2F74B6D900772D5A /* PBXTargetDependency */,
			);
			fileSystemSynchronizedGroups = (
				BCA03C802F74B6D900772D5A /* ParkArmorWatch Watch AppTests */,
			);
			name = "ParkArmorWatch Watch AppTests";
			packageProductDependencies = (
			);
			productName = "ParkArmorWatch Watch AppTests";
			productReference = BCA03C7D2F74B6D900772D5A /* ParkArmorWatch Watch AppTests.xctest */;
			productType = "com.apple.product-type.bundle.unit-test";
		};
		BCA03C862F74B6D900772D5A /* ParkArmorWatch Watch AppUITests */ = {
			isa = PBXNativeTarget;
			buildConfigurationList = BCA03C9B2F74B6D900772D5A /* Build configuration list for PBXNativeTarget "ParkArmorWatch Watch AppUITests" */;
			buildPhases = (
				BCA03C832F74B6D900772D5A /* Sources */,
				BCA03C842F74B6D900772D5A /* Frameworks */,
				BCA03C852F74B6D900772D5A /* Resources */,
			);
			buildRules = (
			);
			dependencies = (
				BCA03C892F74B6D900772D5A /* PBXTargetDependency */,
			);
			fileSystemSynchronizedGroups = (
				BCA03C8A2F74B6D900772D5A /* ParkArmorWatch Watch AppUITests */,
			);
			name = "ParkArmorWatch Watch AppUITests";
			packageProductDependencies = (
			);
			productName = "ParkArmorWatch Watch AppUITests";
			productReference = BCA03C872F74B6D900772D5A /* ParkArmorWatch Watch AppUITests.xctest */;
			productType = "com.apple.product-type.bundle.ui-testing";
		};
		BCA03D922F74BC5E00772D5A /* ParkArmorWatchComplicationExtension */ = {
			isa = PBXNativeTarget;
			buildConfigurationList = BCA03DAA2F74BC6400772D5A /* Build configuration list for PBXNativeTarget "ParkArmorWatchComplicationExtension" */;
			buildPhases = (
				BCA03D8F2F74BC5E00772D5A /* Sources */,
				BCA03D902F74BC5E00772D5A /* Frameworks */,
				BCA03D912F74BC5E00772D5A /* Resources */,
			);
			buildRules = (
			);
			dependencies = (
			);
			fileSystemSynchronizedGroups = (
				BCA03D992F74BC5F00772D5A /* ParkArmorWatchComplication */,
			);
			name = ParkArmorWatchComplicationExtension;
			packageProductDependencies = (
			);
			productName = ParkArmorWatchComplicationExtension;
			productReference = BCA03D932F74BC5E00772D5A /* ParkArmorWatchComplicationExtension.appex */;
			productType = "com.apple.product-type.app-extension";
		};
		E82BEB1FFB51493EAF25C3E2 /* ParkArmor */ = {
			isa = PBXNativeTarget;
			buildConfigurationList = DF98AF3056A84F87BBDCF472 /* Build configuration list for PBXNativeTarget "ParkArmor" */;
			buildPhases = (
				1B531F0D3EC24E9ABE8166E6 /* Sources */,
				BBA1907E3AE04C8B9CC5C41F /* Frameworks */,
				1A3C90841736490D85B6D31F /* Resources */,
				AA000008AA000008AA000008 /* Embed Foundation Extensions */,
				BCA03C922F74B6D900772D5A /* Embed Watch Content */,
			);
			buildRules = (
			);
			dependencies = (
				AA00000BAA00000BAA00000B /* PBXTargetDependency */,
				BCA03C902F74B6D900772D5A /* PBXTargetDependency */,
			);
			fileSystemSynchronizedGroups = (
				60D6A5FEC4EA4D5CB65BD72B /* ParkArmor */,
			);
			name = ParkArmor;
			packageProductDependencies = (
				KATA0002KATA0002KATA0002 /* KatafractStyle */,
			);
			productName = ParkArmor;
			productReference = F8AEE13FBE0F46F1BF6BE4E4 /* ParkArmor.app */;
			productType = "com.apple.product-type.application";
		};
		F0000006F0000006F0000006 /* ParkArmorTests */ = {
			isa = PBXNativeTarget;
			buildConfigurationList = F000000BF000000BF000000B /* Build configuration list for PBXNativeTarget "ParkArmorTests" */;
			buildPhases = (
				F0000002F0000002F0000002 /* Sources */,
				F0000003F0000003F0000003 /* Frameworks */,
				F0000004F0000004F0000004 /* Resources */,
			);
			buildRules = (
			);
			dependencies = (
				F0000008F0000008F0000008 /* PBXTargetDependency */,
			);
			fileSystemSynchronizedGroups = (
				F0000005F0000005F0000005 /* ParkArmorTests */,
			);
			name = ParkArmorTests;
			packageProductDependencies = (
			);
			productName = ParkArmorTests;
			productReference = F0000001F0000001F0000001 /* ParkArmorTests.xctest */;
			productType = "com.apple.product-type.bundle.unit-test";
		};
/* End PBXNativeTarget section */

/* Begin PBXProject section */
		889A105F62CC481E94597C1E /* Project object */ = {
			isa = PBXProject;
			attributes = {
				BuildIndependentTargetsInParallel = 1;
				LastSwiftUpdateCheck = 2640;
				LastUpgradeCheck = 2640;
				TargetAttributes = {
					AA000009AA000009AA000009 = {
						CreatedOnToolsVersion = 26.3;
					};
					BCA03C702F74B6D600772D5A = {
						CreatedOnToolsVersion = 26.4;
					};
					BCA03C7C2F74B6D900772D5A = {
						CreatedOnToolsVersion = 26.4;
						TestTargetID = BCA03C702F74B6D600772D5A;
					};
					BCA03C862F74B6D900772D5A = {
						CreatedOnToolsVersion = 26.4;
						TestTargetID = BCA03C702F74B6D600772D5A;
					};
					BCA03D922F74BC5E00772D5A = {
						CreatedOnToolsVersion = 26.4;
					};
					E82BEB1FFB51493EAF25C3E2 = {
						CreatedOnToolsVersion = 26.3;
					};
					F0000006F0000006F0000006 = {
						CreatedOnToolsVersion = 26.4;
						TestTargetID = E82BEB1FFB51493EAF25C3E2;
					};
				};
			};
			buildConfigurationList = D80B3DBBEF764422A50A759E /* Build configuration list for PBXProject "ParkArmor" */;
			developmentRegion = en;
			hasScannedForEncodings = 0;
			knownRegions = (
				en,
				Base,
			);
			packageReferences = (
				KATA0001KATA0001KATA0001 /* XCRemoteSwiftPackageReference "KatafractStyle" */,
			);
			mainGroup = 8A5F370D17764FEC93F77EF3;
			minimizedProjectReferenceProxies = 1;
			preferredProjectObjectVersion = 77;
			productRefGroup = 40B17B783B7240E29058D7D7 /* Products */;
			projectDirPath = "";
			projectRoot = "";
			targets = (
				E82BEB1FFB51493EAF25C3E2 /* ParkArmor */,
				F0000006F0000006F0000006 /* ParkArmorTests */,
				AA000009AA000009AA000009 /* ParkArmorWidgetExtension */,
				BCA03C702F74B6D600772D5A /* ParkArmorWatch Watch App */,
				BCA03C7C2F74B6D900772D5A /* ParkArmorWatch Watch AppTests */,
				BCA03C862F74B6D900772D5A /* ParkArmorWatch Watch AppUITests */,
				BCA03D922F74BC5E00772D5A /* ParkArmorWatchComplicationExtension */,
			);
		};
/* End PBXProject section */

/* Begin PBXResourcesBuildPhase section */
		1A3C90841736490D85B6D31F /* Resources */ = {
			isa = PBXResourcesBuildPhase;
			buildActionMask = 2147483647;
			files = (
			);
			runOnlyForDeploymentPostprocessing = 0;
		};
		AA000006AA000006AA000006 /* Resources */ = {
			isa = PBXResourcesBuildPhase;
			buildActionMask = 2147483647;
			files = (
			);
			runOnlyForDeploymentPostprocessing = 0;
		};
		BCA03C6F2F74B6D600772D5A /* Resources */ = {
			isa = PBXResourcesBuildPhase;
			buildActionMask = 2147483647;
			files = (
			);
			runOnlyForDeploymentPostprocessing = 0;
		};
		BCA03C7B2F74B6D900772D5A /* Resources */ = {
			isa = PBXResourcesBuildPhase;
			buildActionMask = 2147483647;
			files = (
			);
			runOnlyForDeploymentPostprocessing = 0;
		};
		BCA03C852F74B6D900772D5A /* Resources */ = {
			isa = PBXResourcesBuildPhase;
			buildActionMask = 2147483647;
			files = (
			);
			runOnlyForDeploymentPostprocessing = 0;
		};
		BCA03D912F74BC5E00772D5A /* Resources */ = {
			isa = PBXResourcesBuildPhase;
			buildActionMask = 2147483647;
			files = (
			);
			runOnlyForDeploymentPostprocessing = 0;
		};
		F0000004F0000004F0000004 /* Resources */ = {
			isa = PBXResourcesBuildPhase;
			buildActionMask = 2147483647;
			files = (
			);
			runOnlyForDeploymentPostprocessing = 0;
		};
/* End PBXResourcesBuildPhase section */

/* Begin PBXSourcesBuildPhase section */
		1B531F0D3EC24E9ABE8166E6 /* Sources */ = {
			isa = PBXSourcesBuildPhase;
			buildActionMask = 2147483647;
			files = (
			);
			runOnlyForDeploymentPostprocessing = 0;
		};
		AA000007AA000007AA000007 /* Sources */ = {
			isa = PBXSourcesBuildPhase;
			buildActionMask = 2147483647;
			files = (
			);
			runOnlyForDeploymentPostprocessing = 0;
		};
		BCA03C6D2F74B6D600772D5A /* Sources */ = {
			isa = PBXSourcesBuildPhase;
			buildActionMask = 2147483647;
			files = (
			);
			runOnlyForDeploymentPostprocessing = 0;
		};
		BCA03C792F74B6D900772D5A /* Sources */ = {
			isa = PBXSourcesBuildPhase;
			buildActionMask = 2147483647;
			files = (
			);
			runOnlyForDeploymentPostprocessing = 0;
		};
		BCA03C832F74B6D900772D5A /* Sources */ = {
			isa = PBXSourcesBuildPhase;
			buildActionMask = 2147483647;
			files = (
			);
			runOnlyForDeploymentPostprocessing = 0;
		};
		BCA03D8F2F74BC5E00772D5A /* Sources */ = {
			isa = PBXSourcesBuildPhase;
			buildActionMask = 2147483647;
			files = (
			);
			runOnlyForDeploymentPostprocessing = 0;
		};
		F0000002F0000002F0000002 /* Sources */ = {
			isa = PBXSourcesBuildPhase;
			buildActionMask = 2147483647;
			files = (
			);
			runOnlyForDeploymentPostprocessing = 0;
		};
/* End PBXSourcesBuildPhase section */

/* Begin PBXTargetDependency section */
		AA00000BAA00000BAA00000B /* PBXTargetDependency */ = {
			isa = PBXTargetDependency;
			target = AA000009AA000009AA000009 /* ParkArmorWidgetExtension */;
			targetProxy = AA00000AAA00000AAA00000A /* PBXContainerItemProxy */;
		};
		BCA03C7F2F74B6D900772D5A /* PBXTargetDependency */ = {
			isa = PBXTargetDependency;
			target = BCA03C702F74B6D600772D5A /* ParkArmorWatch Watch App */;
			targetProxy = BCA03C7E2F74B6D900772D5A /* PBXContainerItemProxy */;
		};
		BCA03C892F74B6D900772D5A /* PBXTargetDependency */ = {
			isa = PBXTargetDependency;
			target = BCA03C702F74B6D600772D5A /* ParkArmorWatch Watch App */;
			targetProxy = BCA03C882F74B6D900772D5A /* PBXContainerItemProxy */;
		};
		BCA03C902F74B6D900772D5A /* PBXTargetDependency */ = {
			isa = PBXTargetDependency;
			target = BCA03C702F74B6D600772D5A /* ParkArmorWatch Watch App */;
			targetProxy = BCA03C8F2F74B6D900772D5A /* PBXContainerItemProxy */;
		};
		BCA03DA42F74BC6400772D5A /* PBXTargetDependency */ = {
			isa = PBXTargetDependency;
			target = BCA03D922F74BC5E00772D5A /* ParkArmorWatchComplicationExtension */;
			targetProxy = BCA03DA32F74BC6400772D5A /* PBXContainerItemProxy */;
		};
		F0000008F0000008F0000008 /* PBXTargetDependency */ = {
			isa = PBXTargetDependency;
			target = E82BEB1FFB51493EAF25C3E2 /* ParkArmor */;
			targetProxy = F0000007F0000007F0000007 /* PBXContainerItemProxy */;
		};
/* End PBXTargetDependency section */

/* Begin XCBuildConfiguration section */
		30B4FB6084194E659BBBF4D0 /* Release */ = {
			isa = XCBuildConfiguration;
			buildSettings = {
				ASSETCATALOG_COMPILER_APPICON_NAME = AppIcon;
				ASSETCATALOG_COMPILER_GLOBAL_ACCENT_COLOR_NAME = AccentColor;
				ASSETCATALOG_COMPILER_INCLUDE_ALL_APPICON_ASSETS = YES;
				CODE_SIGN_ENTITLEMENTS = ParkArmor/ParkArmor.entitlements;
				CODE_SIGN_IDENTITY = "Apple Development";
				CODE_SIGN_STYLE = Automatic;
				CURRENT_PROJECT_VERSION = 3;
				ENABLE_PREVIEWS = YES;
				GENERATE_INFOPLIST_FILE = YES;
				INFOPLIST_KEY_CFBundleDisplayName = ParkArmor;
				INFOPLIST_KEY_ITSAppUsesNonExemptEncryption = NO;
				INFOPLIST_KEY_LSApplicationCategoryType = "public.app-category.navigation";
				INFOPLIST_KEY_NSCameraUsageDescription = "ParkArmor uses the camera to photograph your parking spot and show AR guidance back to your car.";
				INFOPLIST_KEY_NSHumanReadableCopyright = "© 2026 Katafract LLC";
				INFOPLIST_KEY_NSLocationWhenInUseUsageDescription = "ParkArmor uses your location to save where you parked and navigate you back.";
				INFOPLIST_KEY_NSSupportsLiveActivities = YES;
				INFOPLIST_KEY_UIApplicationSceneManifest_Generation = YES;
				INFOPLIST_KEY_UIApplicationSupportsIndirectInputEvents = YES;
				INFOPLIST_KEY_UILaunchScreen_Generation = YES;
				INFOPLIST_KEY_UISupportedInterfaceOrientations_iPad = "UIInterfaceOrientationPortrait UIInterfaceOrientationPortraitUpsideDown UIInterfaceOrientationLandscapeLeft UIInterfaceOrientationLandscapeRight";
				INFOPLIST_KEY_UISupportedInterfaceOrientations_iPhone = "UIInterfaceOrientationPortrait UIInterfaceOrientationLandscapeLeft UIInterfaceOrientationLandscapeRight";
				LD_RUNPATH_SEARCH_PATHS = (
					"$(inherited)",
					"@executable_path/Frameworks",
				);
				MARKETING_VERSION = 1.2.1;
				PRODUCT_BUNDLE_IDENTIFIER = com.katafract.ParkArmor;
				PRODUCT_NAME = "$(TARGET_NAME)";
				PROVISIONING_PROFILE_SPECIFIER = "";
				STRING_CATALOG_GENERATE_SYMBOLS = YES;
				SWIFT_APPROACHABLE_CONCURRENCY = YES;
				SWIFT_DEFAULT_ACTOR_ISOLATION = MainActor;
				SWIFT_EMIT_LOC_STRINGS = YES;
				SWIFT_UPCOMING_FEATURE_MEMBER_IMPORT_VISIBILITY = YES;
				SWIFT_VERSION = 5.0;
				TARGETED_DEVICE_FAMILY = "1,2";
			};
			name = Release;
		};
		39B1BF668C2B4D75811489B3 /* Release */ = {
			isa = XCBuildConfiguration;
			buildSettings = {
				ALWAYS_SEARCH_USER_PATHS = NO;
				ASSETCATALOG_COMPILER_GENERATE_SWIFT_ASSET_SYMBOL_EXTENSIONS = YES;
				CLANG_ANALYZER_NONNULL = YES;
				CLANG_CXX_LANGUAGE_STANDARD = "gnu++20";
				CLANG_ENABLE_MODULES = YES;
				CLANG_ENABLE_OBJC_ARC = YES;
				CLANG_ENABLE_OBJC_WEAK = YES;
				CLANG_WARN_BLOCK_CAPTURE_AUTORELEASING = YES;
				CLANG_WARN_BOOL_CONVERSION = YES;
				CLANG_WARN_COMMA = YES;
				CLANG_WARN_CONSTANT_CONVERSION = YES;
				CLANG_WARN_DEPRECATED_OBJC_IMPLEMENTATIONS = YES;
				CLANG_WARN_DIRECT_OBJC_ISA_USAGE = YES_ERROR;
				CLANG_WARN_DOCUMENTATION_COMMENTS = YES;
				CLANG_WARN_EMPTY_BODY = YES;
				CLANG_WARN_ENUM_CONVERSION = YES;
				CLANG_WARN_INFINITE_RECURSION = YES;
				CLANG_WARN_INT_CONVERSION = YES;
				CLANG_WARN_NON_LITERAL_NULL_CONVERSION = YES;
				CLANG_WARN_OBJC_IMPLICIT_RETAIN_SELF = YES;
				CLANG_WARN_OBJC_LITERAL_CONVERSION = YES;
				CLANG_WARN_OBJC_ROOT_CLASS = YES_ERROR;
				CLANG_WARN_QUOTED_INCLUDE_IN_FRAMEWORK_HEADER = YES;
				CLANG_WARN_RANGE_LOOP_ANALYSIS = YES;
				CLANG_WARN_STRICT_PROTOTYPES = YES;
				CLANG_WARN_SUSPICIOUS_MOVE = YES;
				CLANG_WARN_UNGUARDED_AVAILABILITY = YES_AGGRESSIVE;
				CLANG_WARN_UNREACHABLE_CODE = YES;
				CLANG_WARN__DUPLICATE_METHOD_MATCH = YES;
				COPY_PHASE_STRIP = NO;
				DEBUG_INFORMATION_FORMAT = "dwarf-with-dsym";
				DEVELOPMENT_TEAM = 2SGGP65W6C;
				ENABLE_NS_ASSERTIONS = NO;
				ENABLE_STRICT_OBJC_MSGSEND = YES;
				ENABLE_USER_SCRIPT_SANDBOXING = YES;
				GCC_C_LANGUAGE_STANDARD = gnu17;
				GCC_NO_COMMON_BLOCKS = YES;
				GCC_WARN_64_TO_32_BIT_CONVERSION = YES;
				GCC_WARN_ABOUT_RETURN_TYPE = YES_ERROR;
				GCC_WARN_UNDECLARED_SELECTOR = YES;
				GCC_WARN_UNINITIALIZED_AUTOS = YES_AGGRESSIVE;
				GCC_WARN_UNUSED_FUNCTION = YES;
				GCC_WARN_UNUSED_VARIABLE = YES;
				IPHONEOS_DEPLOYMENT_TARGET = 17.0;
				LOCALIZATION_PREFERS_STRING_CATALOGS = YES;
				MTL_ENABLE_DEBUG_INFO = NO;
				MTL_FAST_MATH = YES;
				SDKROOT = iphoneos;
				STRING_CATALOG_GENERATE_SYMBOLS = YES;
				SWIFT_COMPILATION_MODE = wholemodule;
				VALIDATE_PRODUCT = YES;
			};
			name = Release;
		};
		5082577C664F4129BD382361 /* Debug */ = {
			isa = XCBuildConfiguration;
			buildSettings = {
				ALWAYS_SEARCH_USER_PATHS = NO;
				ASSETCATALOG_COMPILER_GENERATE_SWIFT_ASSET_SYMBOL_EXTENSIONS = YES;
				CLANG_ANALYZER_NONNULL = YES;
				CLANG_ANALYZER_NUMBER_OBJECT_CONVERSION = YES_AGGRESSIVE;
				CLANG_CXX_LANGUAGE_STANDARD = "gnu++20";
				CLANG_ENABLE_MODULES = YES;
				CLANG_ENABLE_OBJC_ARC = YES;
				CLANG_ENABLE_OBJC_WEAK = YES;
				CLANG_WARN_BLOCK_CAPTURE_AUTORELEASING = YES;
				CLANG_WARN_BOOL_CONVERSION = YES;
				CLANG_WARN_COMMA = YES;
				CLANG_WARN_CONSTANT_CONVERSION = YES;
				CLANG_WARN_DEPRECATED_OBJC_IMPLEMENTATIONS = YES;
				CLANG_WARN_DIRECT_OBJC_ISA_USAGE = YES_ERROR;
				CLANG_WARN_DOCUMENTATION_COMMENTS = YES;
				CLANG_WARN_EMPTY_BODY = YES;
				CLANG_WARN_ENUM_CONVERSION = YES;
				CLANG_WARN_INFINITE_RECURSION = YES;
				CLANG_WARN_INT_CONVERSION = YES;
				CLANG_WARN_NON_LITERAL_NULL_CONVERSION = YES;
				CLANG_WARN_OBJC_IMPLICIT_RETAIN_SELF = YES;
				CLANG_WARN_OBJC_LITERAL_CONVERSION = YES;
				CLANG_WARN_OBJC_ROOT_CLASS = YES_ERROR;
				CLANG_WARN_QUOTED_INCLUDE_IN_FRAMEWORK_HEADER = YES;
				CLANG_WARN_RANGE_LOOP_ANALYSIS = YES;
				CLANG_WARN_STRICT_PROTOTYPES = YES;
				CLANG_WARN_SUSPICIOUS_MOVE = YES;
				CLANG_WARN_UNGUARDED_AVAILABILITY = YES_AGGRESSIVE;
				CLANG_WARN_UNREACHABLE_CODE = YES;
				CLANG_WARN__DUPLICATE_METHOD_MATCH = YES;
				COPY_PHASE_STRIP = NO;
				DEBUG_INFORMATION_FORMAT = dwarf;
				DEVELOPMENT_TEAM = 2SGGP65W6C;
				ENABLE_STRICT_OBJC_MSGSEND = YES;
				ENABLE_TESTABILITY = YES;
				ENABLE_USER_SCRIPT_SANDBOXING = YES;
				GCC_C_LANGUAGE_STANDARD = gnu17;
				GCC_DYNAMIC_NO_PIC = NO;
				GCC_NO_COMMON_BLOCKS = YES;
				GCC_OPTIMIZATION_LEVEL = 0;
				GCC_PREPROCESSOR_DEFINITIONS = (
					"DEBUG=1",
					"$(inherited)",
				);
				GCC_WARN_64_TO_32_BIT_CONVERSION = YES;
				GCC_WARN_ABOUT_RETURN_TYPE = YES_ERROR;
				GCC_WARN_UNDECLARED_SELECTOR = YES;
				GCC_WARN_UNINITIALIZED_AUTOS = YES_AGGRESSIVE;
				GCC_WARN_UNUSED_FUNCTION = YES;
				GCC_WARN_UNUSED_VARIABLE = YES;
				IPHONEOS_DEPLOYMENT_TARGET = 17.0;
				LOCALIZATION_PREFERS_STRING_CATALOGS = YES;
				MTL_ENABLE_DEBUG_INFO = INCLUDE_SOURCE;
				MTL_FAST_MATH = YES;
				ONLY_ACTIVE_ARCH = YES;
				SDKROOT = iphoneos;
				STRING_CATALOG_GENERATE_SYMBOLS = YES;
				SWIFT_ACTIVE_COMPILATION_CONDITIONS = "DEBUG $(inherited)";
				SWIFT_OPTIMIZATION_LEVEL = "-Onone";
			};
			name = Debug;
		};
		AA00000CAA00000CAA00000C /* Debug */ = {
			isa = XCBuildConfiguration;
			buildSettings = {
				APPLICATION_EXTENSION_API_ONLY = YES;
				CODE_SIGN_ENTITLEMENTS = ParkArmorWidgetExtension/ParkArmorWidgetExtension.entitlements;
				CODE_SIGN_IDENTITY = "Apple Development";
				CODE_SIGN_STYLE = Automatic;
				CURRENT_PROJECT_VERSION = 3;
				GENERATE_INFOPLIST_FILE = NO;
				INFOPLIST_FILE = "ParkArmorWidgetExtension-Info.plist";
				INFOPLIST_KEY_ITSAppUsesNonExemptEncryption = NO;
				IPHONEOS_DEPLOYMENT_TARGET = 17.0;
				LD_RUNPATH_SEARCH_PATHS = (
					"$(inherited)",
					"@executable_path/Frameworks",
					"@executable_path/../../Frameworks",
				);
				MARKETING_VERSION = 1.2.1;
				PRODUCT_BUNDLE_IDENTIFIER = com.katafract.ParkArmor.widgetextension;
				PRODUCT_NAME = "$(TARGET_NAME)";
				SKIP_INSTALL = YES;
				STRING_CATALOG_GENERATE_SYMBOLS = YES;
				SWIFT_APPROACHABLE_CONCURRENCY = YES;
				SWIFT_DEFAULT_ACTOR_ISOLATION = MainActor;
				SWIFT_EMIT_LOC_STRINGS = YES;
				SWIFT_UPCOMING_FEATURE_MEMBER_IMPORT_VISIBILITY = YES;
				SWIFT_VERSION = 5.0;
				TARGETED_DEVICE_FAMILY = "1,2";
			};
			name = Debug;
		};
		AA00000DAA00000DAA00000D /* Release */ = {
			isa = XCBuildConfiguration;
			buildSettings = {
				APPLICATION_EXTENSION_API_ONLY = YES;
				CODE_SIGN_ENTITLEMENTS = ParkArmorWidgetExtension/ParkArmorWidgetExtension.entitlements;
				CODE_SIGN_IDENTITY = "Apple Development";
				CODE_SIGN_STYLE = Automatic;
				CURRENT_PROJECT_VERSION = 3;
				GENERATE_INFOPLIST_FILE = NO;
				INFOPLIST_FILE = "ParkArmorWidgetExtension-Info.plist";
				INFOPLIST_KEY_ITSAppUsesNonExemptEncryption = NO;
				IPHONEOS_DEPLOYMENT_TARGET = 17.0;
				LD_RUNPATH_SEARCH_PATHS = (
					"$(inherited)",
					"@executable_path/Frameworks",
					"@executable_path/../../Frameworks",
				);
				MARKETING_VERSION = 1.2.1;
				PRODUCT_BUNDLE_IDENTIFIER = com.katafract.ParkArmor.widgetextension;
				PRODUCT_NAME = "$(TARGET_NAME)";
				SKIP_INSTALL = YES;
				STRING_CATALOG_GENERATE_SYMBOLS = YES;
				SWIFT_APPROACHABLE_CONCURRENCY = YES;
				SWIFT_DEFAULT_ACTOR_ISOLATION = MainActor;
				SWIFT_EMIT_LOC_STRINGS = YES;
				SWIFT_UPCOMING_FEATURE_MEMBER_IMPORT_VISIBILITY = YES;
				SWIFT_VERSION = 5.0;
				TARGETED_DEVICE_FAMILY = "1,2";
			};
			name = Release;
		};
		BCA03C932F74B6D900772D5A /* Debug */ = {
			isa = XCBuildConfiguration;
			buildSettings = {
				ASSETCATALOG_COMPILER_APPICON_NAME = AppIcon;
				ASSETCATALOG_COMPILER_GLOBAL_ACCENT_COLOR_NAME = AccentColor;
				CODE_SIGN_ENTITLEMENTS = "ParkArmorWatch Watch App/ParkArmorWatch.entitlements";
				CODE_SIGN_IDENTITY = "Apple Development";
				CODE_SIGN_STYLE = Automatic;
				CURRENT_PROJECT_VERSION = 3;
				ENABLE_PREVIEWS = YES;
				GENERATE_INFOPLIST_FILE = YES;
				INFOPLIST_KEY_CFBundleDisplayName = ParkArmor;
				INFOPLIST_KEY_NSLocationWhenInUseUsageDescription = "ParkArmor uses your location on Apple Watch to save your parking spot and point you back to your car.";
				INFOPLIST_KEY_UISupportedInterfaceOrientations = "UIInterfaceOrientationPortrait UIInterfaceOrientationPortraitUpsideDown";
				INFOPLIST_KEY_WKCompanionAppBundleIdentifier = com.katafract.ParkArmor;
				LD_RUNPATH_SEARCH_PATHS = (
					"$(inherited)",
					"@executable_path/Frameworks",
				);
				MARKETING_VERSION = 1.2.1;
				PRODUCT_BUNDLE_IDENTIFIER = com.katafract.ParkArmor.watchkitapp;
				PRODUCT_NAME = "$(TARGET_NAME)";
				SDKROOT = watchos;
				SKIP_INSTALL = YES;
				STRING_CATALOG_GENERATE_SYMBOLS = YES;
				SWIFT_APPROACHABLE_CONCURRENCY = YES;
				SWIFT_DEFAULT_ACTOR_ISOLATION = MainActor;
				SWIFT_EMIT_LOC_STRINGS = YES;
				SWIFT_UPCOMING_FEATURE_MEMBER_IMPORT_VISIBILITY = YES;
				SWIFT_VERSION = 5.0;
				TARGETED_DEVICE_FAMILY = 4;
				WATCHOS_DEPLOYMENT_TARGET = 10.0;
			};
			name = Debug;
		};
		BCA03C942F74B6D900772D5A /* Release */ = {
			isa = XCBuildConfiguration;
			buildSettings = {
				ASSETCATALOG_COMPILER_APPICON_NAME = AppIcon;
				ASSETCATALOG_COMPILER_GLOBAL_ACCENT_COLOR_NAME = AccentColor;
				CLANG_ANALYZER_NUMBER_OBJECT_CONVERSION = YES_AGGRESSIVE;
				CODE_SIGN_ENTITLEMENTS = "ParkArmorWatch Watch App/ParkArmorWatch.entitlements";
				CODE_SIGN_IDENTITY = "Apple Development";
				CODE_SIGN_STYLE = Automatic;
				CURRENT_PROJECT_VERSION = 3;
				ENABLE_PREVIEWS = YES;
				GENERATE_INFOPLIST_FILE = YES;
				INFOPLIST_KEY_CFBundleDisplayName = ParkArmor;
				INFOPLIST_KEY_NSLocationWhenInUseUsageDescription = "ParkArmor uses your location on Apple Watch to save your parking spot and point you back to your car.";
				INFOPLIST_KEY_UISupportedInterfaceOrientations = "UIInterfaceOrientationPortrait UIInterfaceOrientationPortraitUpsideDown";
				INFOPLIST_KEY_WKCompanionAppBundleIdentifier = com.katafract.ParkArmor;
				LD_RUNPATH_SEARCH_PATHS = (
					"$(inherited)",
					"@executable_path/Frameworks",
				);
				MARKETING_VERSION = 1.2.1;
				PRODUCT_BUNDLE_IDENTIFIER = com.katafract.ParkArmor.watchkitapp;
				PRODUCT_NAME = "$(TARGET_NAME)";
				SDKROOT = watchos;
				SKIP_INSTALL = YES;
				STRING_CATALOG_GENERATE_SYMBOLS = YES;
				SWIFT_APPROACHABLE_CONCURRENCY = YES;
				SWIFT_DEFAULT_ACTOR_ISOLATION = MainActor;
				SWIFT_EMIT_LOC_STRINGS = YES;
				SWIFT_UPCOMING_FEATURE_MEMBER_IMPORT_VISIBILITY = YES;
				SWIFT_VERSION = 5.0;
				TARGETED_DEVICE_FAMILY = 4;
				WATCHOS_DEPLOYMENT_TARGET = 10.0;
			};
			name = Release;
		};
		BCA03C952F74B6D900772D5A /* Debug */ = {
			isa = XCBuildConfiguration;
			buildSettings = {
				BUNDLE_LOADER = "$(TEST_HOST)";
				CODE_SIGN_STYLE = Automatic;
				CURRENT_PROJECT_VERSION = 3;
				DEVELOPMENT_TEAM = 2SGGP65W6C;
				GENERATE_INFOPLIST_FILE = YES;
				MARKETING_VERSION = 1.0;
				PRODUCT_BUNDLE_IDENTIFIER = "com.katafract.ParkArmorWatch-Watch-AppTests";
				PRODUCT_NAME = "$(TARGET_NAME)";
				SDKROOT = watchos;
				STRING_CATALOG_GENERATE_SYMBOLS = NO;
				SWIFT_APPROACHABLE_CONCURRENCY = YES;
				SWIFT_EMIT_LOC_STRINGS = NO;
				SWIFT_UPCOMING_FEATURE_MEMBER_IMPORT_VISIBILITY = YES;
				SWIFT_VERSION = 5.0;
				TARGETED_DEVICE_FAMILY = 4;
				TEST_HOST = "$(BUILT_PRODUCTS_DIR)/ParkArmorWatch Watch App.app/$(BUNDLE_EXECUTABLE_FOLDER_PATH)/ParkArmorWatch Watch App";
				WATCHOS_DEPLOYMENT_TARGET = 10.0;
			};
			name = Debug;
		};
		BCA03C962F74B6D900772D5A /* Release */ = {
			isa = XCBuildConfiguration;
			buildSettings = {
				BUNDLE_LOADER = "$(TEST_HOST)";
				CLANG_ANALYZER_NUMBER_OBJECT_CONVERSION = YES_AGGRESSIVE;
				CODE_SIGN_STYLE = Automatic;
				CURRENT_PROJECT_VERSION = 3;
				DEVELOPMENT_TEAM = 2SGGP65W6C;
				GENERATE_INFOPLIST_FILE = YES;
				MARKETING_VERSION = 1.0;
				PRODUCT_BUNDLE_IDENTIFIER = "com.katafract.ParkArmorWatch-Watch-AppTests";
				PRODUCT_NAME = "$(TARGET_NAME)";
				SDKROOT = watchos;
				STRING_CATALOG_GENERATE_SYMBOLS = NO;
				SWIFT_APPROACHABLE_CONCURRENCY = YES;
				SWIFT_EMIT_LOC_STRINGS = NO;
				SWIFT_UPCOMING_FEATURE_MEMBER_IMPORT_VISIBILITY = YES;
				SWIFT_VERSION = 5.0;
				TARGETED_DEVICE_FAMILY = 4;
				TEST_HOST = "$(BUILT_PRODUCTS_DIR)/ParkArmorWatch Watch App.app/$(BUNDLE_EXECUTABLE_FOLDER_PATH)/ParkArmorWatch Watch App";
				WATCHOS_DEPLOYMENT_TARGET = 10.0;
			};
			name = Release;
		};
		BCA03C972F74B6D900772D5A /* Debug */ = {
			isa = XCBuildConfiguration;
			buildSettings = {
				CODE_SIGN_STYLE = Automatic;
				CURRENT_PROJECT_VERSION = 3;
				DEVELOPMENT_TEAM = 2SGGP65W6C;
				GENERATE_INFOPLIST_FILE = YES;
				MARKETING_VERSION = 1.0;
				PRODUCT_BUNDLE_IDENTIFIER = "com.katafract.ParkArmorWatch-Watch-AppUITests";
				PRODUCT_NAME = "$(TARGET_NAME)";
				SDKROOT = watchos;
				STRING_CATALOG_GENERATE_SYMBOLS = NO;
				SWIFT_APPROACHABLE_CONCURRENCY = YES;
				SWIFT_EMIT_LOC_STRINGS = NO;
				SWIFT_UPCOMING_FEATURE_MEMBER_IMPORT_VISIBILITY = YES;
				SWIFT_VERSION = 5.0;
				TARGETED_DEVICE_FAMILY = 4;
				TEST_TARGET_NAME = "ParkArmorWatch Watch App";
				WATCHOS_DEPLOYMENT_TARGET = 10.0;
			};
			name = Debug;
		};
		BCA03C982F74B6D900772D5A /* Release */ = {
			isa = XCBuildConfiguration;
			buildSettings = {
				CLANG_ANALYZER_NUMBER_OBJECT_CONVERSION = YES_AGGRESSIVE;
				CODE_SIGN_STYLE = Automatic;
				CURRENT_PROJECT_VERSION = 3;
				DEVELOPMENT_TEAM = 2SGGP65W6C;
				GENERATE_INFOPLIST_FILE = YES;
				MARKETING_VERSION = 1.0;
				PRODUCT_BUNDLE_IDENTIFIER = "com.katafract.ParkArmorWatch-Watch-AppUITests";
				PRODUCT_NAME = "$(TARGET_NAME)";
				SDKROOT = watchos;
				STRING_CATALOG_GENERATE_SYMBOLS = NO;
				SWIFT_APPROACHABLE_CONCURRENCY = YES;
				SWIFT_EMIT_LOC_STRINGS = NO;
				SWIFT_UPCOMING_FEATURE_MEMBER_IMPORT_VISIBILITY = YES;
				SWIFT_VERSION = 5.0;
				TARGETED_DEVICE_FAMILY = 4;
				TEST_TARGET_NAME = "ParkArmorWatch Watch App";
				WATCHOS_DEPLOYMENT_TARGET = 10.0;
			};
			name = Release;
		};
		BCA03DA72F74BC6400772D5A /* Debug */ = {
			isa = XCBuildConfiguration;
			buildSettings = {
				ASSETCATALOG_COMPILER_GLOBAL_ACCENT_COLOR_NAME = AccentColor;
				ASSETCATALOG_COMPILER_WIDGET_BACKGROUND_COLOR_NAME = WidgetBackground;
				CODE_SIGN_ENTITLEMENTS = ParkArmorWatchComplication/ParkArmorWatchComplication.entitlements;
				CODE_SIGN_IDENTITY = "Apple Development";
				CODE_SIGN_STYLE = Automatic;
				CURRENT_PROJECT_VERSION = 3;
				GENERATE_INFOPLIST_FILE = YES;
				INFOPLIST_FILE = ParkArmorWatchComplication/Info.plist;
				INFOPLIST_KEY_CFBundleDisplayName = ParkArmorWatchComplication;
				INFOPLIST_KEY_NSHumanReadableCopyright = "";
				LD_RUNPATH_SEARCH_PATHS = (
					"$(inherited)",
					"@executable_path/Frameworks",
					"@executable_path/../../Frameworks",
					"@executable_path/../../../../Frameworks",
				);
				MARKETING_VERSION = 1.2.1;
				PRODUCT_BUNDLE_IDENTIFIER = com.katafract.ParkArmor.watchkitapp.ParkArmorWatchComplication;
				PRODUCT_NAME = "$(TARGET_NAME)";
				SDKROOT = watchos;
				SKIP_INSTALL = YES;
				STRING_CATALOG_GENERATE_SYMBOLS = YES;
				SWIFT_APPROACHABLE_CONCURRENCY = YES;
				SWIFT_EMIT_LOC_STRINGS = YES;
				SWIFT_UPCOMING_FEATURE_MEMBER_IMPORT_VISIBILITY = YES;
				SWIFT_VERSION = 5.0;
				TARGETED_DEVICE_FAMILY = 4;
				WATCHOS_DEPLOYMENT_TARGET = 10.0;
			};
			name = Debug;
		};
		BCA03DA82F74BC6400772D5A /* Release */ = {
			isa = XCBuildConfiguration;
			buildSettings = {
				ASSETCATALOG_COMPILER_GLOBAL_ACCENT_COLOR_NAME = AccentColor;
				ASSETCATALOG_COMPILER_WIDGET_BACKGROUND_COLOR_NAME = WidgetBackground;
				CLANG_ANALYZER_NUMBER_OBJECT_CONVERSION = YES_AGGRESSIVE;
				CODE_SIGN_ENTITLEMENTS = ParkArmorWatchComplication/ParkArmorWatchComplication.entitlements;
				CODE_SIGN_IDENTITY = "Apple Development";
				CODE_SIGN_STYLE = Automatic;
				CURRENT_PROJECT_VERSION = 3;
				GENERATE_INFOPLIST_FILE = YES;
				INFOPLIST_FILE = ParkArmorWatchComplication/Info.plist;
				INFOPLIST_KEY_CFBundleDisplayName = ParkArmorWatchComplication;
				INFOPLIST_KEY_NSHumanReadableCopyright = "";
				LD_RUNPATH_SEARCH_PATHS = (
					"$(inherited)",
					"@executable_path/Frameworks",
					"@executable_path/../../Frameworks",
					"@executable_path/../../../../Frameworks",
				);
				MARKETING_VERSION = 1.2.1;
				PRODUCT_BUNDLE_IDENTIFIER = com.katafract.ParkArmor.watchkitapp.ParkArmorWatchComplication;
				PRODUCT_NAME = "$(TARGET_NAME)";
				SDKROOT = watchos;
				SKIP_INSTALL = YES;
				STRING_CATALOG_GENERATE_SYMBOLS = YES;
				SWIFT_APPROACHABLE_CONCURRENCY = YES;
				SWIFT_EMIT_LOC_STRINGS = YES;
				SWIFT_UPCOMING_FEATURE_MEMBER_IMPORT_VISIBILITY = YES;
				SWIFT_VERSION = 5.0;
				TARGETED_DEVICE_FAMILY = 4;
				WATCHOS_DEPLOYMENT_TARGET = 10.0;
			};
			name = Release;
		};
		EBF9588CAFFD40EE909F2499 /* Debug */ = {
			isa = XCBuildConfiguration;
			buildSettings = {
				ASSETCATALOG_COMPILER_APPICON_NAME = AppIcon;
				ASSETCATALOG_COMPILER_GLOBAL_ACCENT_COLOR_NAME = AccentColor;
				ASSETCATALOG_COMPILER_INCLUDE_ALL_APPICON_ASSETS = YES;
				CODE_SIGN_ENTITLEMENTS = ParkArmor/ParkArmor.entitlements;
				CODE_SIGN_IDENTITY = "Apple Development";
				CODE_SIGN_STYLE = Automatic;
				CURRENT_PROJECT_VERSION = 3;
				ENABLE_PREVIEWS = YES;
				GENERATE_INFOPLIST_FILE = YES;
				INFOPLIST_KEY_CFBundleDisplayName = ParkArmor;
				INFOPLIST_KEY_ITSAppUsesNonExemptEncryption = NO;
				INFOPLIST_KEY_LSApplicationCategoryType = "public.app-category.navigation";
				INFOPLIST_KEY_NSCameraUsageDescription = "ParkArmor uses the camera to photograph your parking spot and show AR guidance back to your car.";
				INFOPLIST_KEY_NSHumanReadableCopyright = "© 2026 Katafract LLC";
				INFOPLIST_KEY_NSLocationWhenInUseUsageDescription = "ParkArmor uses your location to save where you parked and navigate you back.";
				INFOPLIST_KEY_NSSupportsLiveActivities = YES;
				INFOPLIST_KEY_UIApplicationSceneManifest_Generation = YES;
				INFOPLIST_KEY_UIApplicationSupportsIndirectInputEvents = YES;
				INFOPLIST_KEY_UILaunchScreen_Generation = YES;
				INFOPLIST_KEY_UISupportedInterfaceOrientations_iPad = "UIInterfaceOrientationPortrait UIInterfaceOrientationPortraitUpsideDown UIInterfaceOrientationLandscapeLeft UIInterfaceOrientationLandscapeRight";
				INFOPLIST_KEY_UISupportedInterfaceOrientations_iPhone = "UIInterfaceOrientationPortrait UIInterfaceOrientationLandscapeLeft UIInterfaceOrientationLandscapeRight";
				LD_RUNPATH_SEARCH_PATHS = (
					"$(inherited)",
					"@executable_path/Frameworks",
				);
				MARKETING_VERSION = 1.2.1;
				PRODUCT_BUNDLE_IDENTIFIER = com.katafract.ParkArmor;
				PRODUCT_NAME = "$(TARGET_NAME)";
				PROVISIONING_PROFILE_SPECIFIER = "";
				STRING_CATALOG_GENERATE_SYMBOLS = YES;
				SWIFT_APPROACHABLE_CONCURRENCY = YES;
				SWIFT_DEFAULT_ACTOR_ISOLATION = MainActor;
				SWIFT_EMIT_LOC_STRINGS = YES;
				SWIFT_UPCOMING_FEATURE_MEMBER_IMPORT_VISIBILITY = YES;
				SWIFT_VERSION = 5.0;
				TARGETED_DEVICE_FAMILY = "1,2";
			};
			name = Debug;
		};
		F0000009F0000009F0000009 /* Debug */ = {
			isa = XCBuildConfiguration;
			buildSettings = {
				BUNDLE_LOADER = "$(TEST_HOST)";
				CODE_SIGN_STYLE = Automatic;
				CURRENT_PROJECT_VERSION = 3;
				DEVELOPMENT_TEAM = 2SGGP65W6C;
				GENERATE_INFOPLIST_FILE = YES;
				IPHONEOS_DEPLOYMENT_TARGET = 17.0;
				MARKETING_VERSION = 1.0;
				PRODUCT_BUNDLE_IDENTIFIER = com.katafract.ParkArmor.ParkArmorTests;
				PRODUCT_NAME = "$(TARGET_NAME)";
				SDKROOT = iphoneos;
				STRING_CATALOG_GENERATE_SYMBOLS = NO;
				SWIFT_APPROACHABLE_CONCURRENCY = YES;
				SWIFT_DEFAULT_ACTOR_ISOLATION = MainActor;
				SWIFT_EMIT_LOC_STRINGS = NO;
				SWIFT_UPCOMING_FEATURE_MEMBER_IMPORT_VISIBILITY = YES;
				SWIFT_VERSION = 5.0;
				TARGETED_DEVICE_FAMILY = "1,2";
				TEST_HOST = "$(BUILT_PRODUCTS_DIR)/ParkArmor.app/$(BUNDLE_EXECUTABLE_FOLDER_PATH)/ParkArmor";
			};
			name = Debug;
		};
		F000000AF000000AF000000A /* Release */ = {
			isa = XCBuildConfiguration;
			buildSettings = {
				BUNDLE_LOADER = "$(TEST_HOST)";
				CLANG_ANALYZER_NUMBER_OBJECT_CONVERSION = YES_AGGRESSIVE;
				CODE_SIGN_STYLE = Automatic;
				CURRENT_PROJECT_VERSION = 3;
				DEVELOPMENT_TEAM = 2SGGP65W6C;
				GENERATE_INFOPLIST_FILE = YES;
				IPHONEOS_DEPLOYMENT_TARGET = 17.0;
				MARKETING_VERSION = 1.0;
				PRODUCT_BUNDLE_IDENTIFIER = com.katafract.ParkArmor.ParkArmorTests;
				PRODUCT_NAME = "$(TARGET_NAME)";
				SDKROOT = iphoneos;
				STRING_CATALOG_GENERATE_SYMBOLS = NO;
				SWIFT_APPROACHABLE_CONCURRENCY = YES;
				SWIFT_DEFAULT_ACTOR_ISOLATION = MainActor;
				SWIFT_EMIT_LOC_STRINGS = NO;
				SWIFT_UPCOMING_FEATURE_MEMBER_IMPORT_VISIBILITY = YES;
				SWIFT_VERSION = 5.0;
				TARGETED_DEVICE_FAMILY = "1,2";
				TEST_HOST = "$(BUILT_PRODUCTS_DIR)/ParkArmor.app/$(BUNDLE_EXECUTABLE_FOLDER_PATH)/ParkArmor";
			};
			name = Release;
		};
/* End XCBuildConfiguration section */

/* Begin XCConfigurationList section */
		AA00000EAA00000EAA00000E /* Build configuration list for PBXNativeTarget "ParkArmorWidgetExtension" */ = {
			isa = XCConfigurationList;
			buildConfigurations = (
				AA00000CAA00000CAA00000C /* Debug */,
				AA00000DAA00000DAA00000D /* Release */,
			);
			defaultConfigurationIsVisible = 0;
			defaultConfigurationName = Release;
		};
		BCA03C992F74B6D900772D5A /* Build configuration list for PBXNativeTarget "ParkArmorWatch Watch App" */ = {
			isa = XCConfigurationList;
			buildConfigurations = (
				BCA03C932F74B6D900772D5A /* Debug */,
				BCA03C942F74B6D900772D5A /* Release */,
			);
			defaultConfigurationIsVisible = 0;
			defaultConfigurationName = Release;
		};
		BCA03C9A2F74B6D900772D5A /* Build configuration list for PBXNativeTarget "ParkArmorWatch Watch AppTests" */ = {
			isa = XCConfigurationList;
			buildConfigurations = (
				BCA03C952F74B6D900772D5A /* Debug */,
				BCA03C962F74B6D900772D5A /* Release */,
			);
			defaultConfigurationIsVisible = 0;
			defaultConfigurationName = Release;
		};
		BCA03C9B2F74B6D900772D5A /* Build configuration list for PBXNativeTarget "ParkArmorWatch Watch AppUITests" */ = {
			isa = XCConfigurationList;
			buildConfigurations = (
				BCA03C972F74B6D900772D5A /* Debug */,
				BCA03C982F74B6D900772D5A /* Release */,
			);
			defaultConfigurationIsVisible = 0;
			defaultConfigurationName = Release;
		};
		BCA03DAA2F74BC6400772D5A /* Build configuration list for PBXNativeTarget "ParkArmorWatchComplicationExtension" */ = {
			isa = XCConfigurationList;
			buildConfigurations = (
				BCA03DA72F74BC6400772D5A /* Debug */,
				BCA03DA82F74BC6400772D5A /* Release */,
			);
			defaultConfigurationIsVisible = 0;
			defaultConfigurationName = Release;
		};
		D80B3DBBEF764422A50A759E /* Build configuration list for PBXProject "ParkArmor" */ = {
			isa = XCConfigurationList;
			buildConfigurations = (
				5082577C664F4129BD382361 /* Debug */,
				39B1BF668C2B4D75811489B3 /* Release */,
			);
			defaultConfigurationIsVisible = 0;
			defaultConfigurationName = Release;
		};
		DF98AF3056A84F87BBDCF472 /* Build configuration list for PBXNativeTarget "ParkArmor" */ = {
			isa = XCConfigurationList;
			buildConfigurations = (
				EBF9588CAFFD40EE909F2499 /* Debug */,
				30B4FB6084194E659BBBF4D0 /* Release */,
			);
			defaultConfigurationIsVisible = 0;
			defaultConfigurationName = Release;
		};
		F000000BF000000BF000000B /* Build configuration list for PBXNativeTarget "ParkArmorTests" */ = {
			isa = XCConfigurationList;
			buildConfigurations = (
				F0000009F0000009F0000009 /* Debug */,
				F000000AF000000AF000000A /* Release */,
			);
			defaultConfigurationIsVisible = 0;
			defaultConfigurationName = Release;
		};
/* End XCConfigurationList section */

/* Begin XCRemoteSwiftPackageReference section */
		KATA0001KATA0001KATA0001 /* XCRemoteSwiftPackageReference "KatafractStyle" */ = {
			isa = XCRemoteSwiftPackageReference;
			repositoryURL = "https://github.com/katafract-io/KatafractStyle";
			requirement = {
				kind = upToNextMajorVersion;
				minimumVersion = 0.1.2;
			};
		};
/* End XCRemoteSwiftPackageReference section */

/* Begin XCSwiftPackageProductDependency section */
		KATA0002KATA0002KATA0002 /* KatafractStyle */ = {
			isa = XCSwiftPackageProductDependency;
			package = KATA0001KATA0001KATA0001 /* XCRemoteSwiftPackageReference "KatafractStyle" */;
			productName = KatafractStyle;
		};
/* End XCSwiftPackageProductDependency section */
	};
	rootObject = 889A105F62CC481E94597C1E /* Project object */;
}
