{
  "originHash" : "a3dcc6c320f7a948305cc02515c83c2226dd8c5328ad6e58b0b48a43c639729f",
  "pins" : [
    {
      "identity" : "katafractstyle",
      "kind" : "remoteSourceControl",
      "location" : "https://github.com/katafract-io/KatafractStyle",
      "state" : {
        "revision" : "bf08623213c5c979b64847e5cee877952ccc05a9",
        "version" : "0.1.2"
      }
    }
  ],
  "version" : 3
}
